// !$*UTF8*$!
{
	archiveVersion = 1;
	classes = {
	};
	objectVersion = 56;
	objects = {

/* Begin PBXBuildFile section */
		5E351F1C2B5DE398004A3803 /* StatisticsView.swift in Sources */ = {isa = PBXBuildFile; fileRef = 5E351F1B2B5DE398004A3803 /* StatisticsView.swift */; };
		5E351F1F2B5DFD7B004A3803 /* MealCard.swift in Sources */ = {isa = PBXBuildFile; fileRef = 5E351F1E2B5DFD7B004A3803 /* MealCard.swift */; };
		5E351F222B5F4DDA004A3803 /* FoodView.swift in Sources */ = {isa = PBXBuildFile; fileRef = 5E351F212B5F4DDA004A3803 /* FoodView.swift */; };
		5E351F242B5F4DE2004A3803 /* BloodSugarView.swift in Sources */ = {isa = PBXBuildFile; fileRef = 5E351F232B5F4DE2004A3803 /* BloodSugarView.swift */; };
		5E351F262B5F4DEB004A3803 /* InsulinView.swift in Sources */ = {isa = PBXBuildFile; fileRef = 5E351F252B5F4DEB004A3803 /* InsulinView.swift */; };
		5E351F282B5F4DF3004A3803 /* CombinedView.swift in Sources */ = {isa = PBXBuildFile; fileRef = 5E351F272B5F4DF3004A3803 /* CombinedView.swift */; };
		5E7756012B882032007F68CB /* CustomTabBarItem.swift in Sources */ = {isa = PBXBuildFile; fileRef = 5E7756002B882032007F68CB /* CustomTabBarItem.swift */; };
		5E7756042B882548007F68CB /* AddNoteViewModel.swift in Sources */ = {isa = PBXBuildFile; fileRef = 5E7756032B882548007F68CB /* AddNoteViewModel.swift */; };
		5E77560C2B88F6A1007F68CB /* CardType.swift in Sources */ = {isa = PBXBuildFile; fileRef = 5E77560B2B88F6A1007F68CB /* CardType.swift */; };
		5E951DE32B8FCBBE00CF5016 /* WarningScreen.swift in Sources */ = {isa = PBXBuildFile; fileRef = 5E951DE22B8FCBBE00CF5016 /* WarningScreen.swift */; };
		5E951DE52B952D1800CF5016 /* TeamScreen.swift in Sources */ = {isa = PBXBuildFile; fileRef = 5E951DE42B952D1800CF5016 /* TeamScreen.swift */; };
		5EC07B452B8810F400C47EC5 /* MealCardViewModel.swift in Sources */ = {isa = PBXBuildFile; fileRef = 5EC07B442B8810F400C47EC5 /* MealCardViewModel.swift */; };
		5EC07B482B881E4600C47EC5 /* CustomTabBarViewModel.swift in Sources */ = {isa = PBXBuildFile; fileRef = 5EC07B472B881E4600C47EC5 /* CustomTabBarViewModel.swift */; };
		5ECCBE5B2B46E6470042CC5F /* KsyCareApp.swift in Sources */ = {isa = PBXBuildFile; fileRef = 5ECCBE5A2B46E6470042CC5F /* KsyCareApp.swift */; };
		5ECCBE5D2B46E6470042CC5F /* ScreensaverView.swift in Sources */ = {isa = PBXBuildFile; fileRef = 5ECCBE5C2B46E6470042CC5F /* ScreensaverView.swift */; };
		5ECCBE5F2B46E6480042CC5F /* Assets.xcassets in Resources */ = {isa = PBXBuildFile; fileRef = 5ECCBE5E2B46E6480042CC5F /* Assets.xcassets */; };
		5ECCBE622B46E6480042CC5F /* Preview Assets.xcassets in Resources */ = {isa = PBXBuildFile; fileRef = 5ECCBE612B46E6480042CC5F /* Preview Assets.xcassets */; };
		5ECCBE6C2B46E6480042CC5F /* KsyCareTests.swift in Sources */ = {isa = PBXBuildFile; fileRef = 5ECCBE6B2B46E6480042CC5F /* KsyCareTests.swift */; };
		5ECCBE762B46E6480042CC5F /* KsyCareUITests.swift in Sources */ = {isa = PBXBuildFile; fileRef = 5ECCBE752B46E6480042CC5F /* KsyCareUITests.swift */; };
		5ECCBE782B46E6480042CC5F /* KsyCareUITestsLaunchTests.swift in Sources */ = {isa = PBXBuildFile; fileRef = 5ECCBE772B46E6480042CC5F /* KsyCareUITestsLaunchTests.swift */; };
		5ECCBE852B46F70F0042CC5F /* RegistrationView.swift in Sources */ = {isa = PBXBuildFile; fileRef = 5ECCBE842B46F70F0042CC5F /* RegistrationView.swift */; };
		5ECCBE872B46F7500042CC5F /* LoginView.swift in Sources */ = {isa = PBXBuildFile; fileRef = 5ECCBE862B46F7500042CC5F /* LoginView.swift */; };
		5ECCBE892B46FB8B0042CC5F /* CustomTabBarView.swift in Sources */ = {isa = PBXBuildFile; fileRef = 5ECCBE882B46FB8B0042CC5F /* CustomTabBarView.swift */; };
		5ECCBE8B2B4732FE0042CC5F /* ProfileView.swift in Sources */ = {isa = PBXBuildFile; fileRef = 5ECCBE8A2B4732FE0042CC5F /* ProfileView.swift */; };
		5ECCBE8F2B4733560042CC5F /* HomeView.swift in Sources */ = {isa = PBXBuildFile; fileRef = 5ECCBE8E2B4733560042CC5F /* HomeView.swift */; };
		5ECCBE912B4735080042CC5F /* AddNoteView.swift in Sources */ = {isa = PBXBuildFile; fileRef = 5ECCBE902B4735080042CC5F /* AddNoteView.swift */; };
		5ECCBE932B4735460042CC5F /* HealthView.swift in Sources */ = {isa = PBXBuildFile; fileRef = 5ECCBE922B4735450042CC5F /* HealthView.swift */; };
		5EDB7EED2B802C5D000F234D /* NoteView.swift in Sources */ = {isa = PBXBuildFile; fileRef = 5EDB7EEC2B802C5D000F234D /* NoteView.swift */; };
		5EDB7EF62B814587000F234D /* Color.xcassets in Resources */ = {isa = PBXBuildFile; fileRef = 5EDB7EF52B814587000F234D /* Color.xcassets */; };
		5EDB7EFB2B8549E7000F234D /* MealCardModel.swift in Sources */ = {isa = PBXBuildFile; fileRef = 5EDB7EFA2B8549E7000F234D /* MealCardModel.swift */; };
/* End PBXBuildFile section */

/* Begin PBXContainerItemProxy section */
		5ECCBE682B46E6480042CC5F /* PBXContainerItemProxy */ = {
			isa = PBXContainerItemProxy;
			containerPortal = 5ECCBE4F2B46E6470042CC5F /* Project object */;
			proxyType = 1;
			remoteGlobalIDString = 5ECCBE562B46E6470042CC5F;
			remoteInfo = KsyCare;
		};
		5ECCBE722B46E6480042CC5F /* PBXContainerItemProxy */ = {
			isa = PBXContainerItemProxy;
			containerPortal = 5ECCBE4F2B46E6470042CC5F /* Project object */;
			proxyType = 1;
			remoteGlobalIDString = 5ECCBE562B46E6470042CC5F;
			remoteInfo = KsyCare;
		};
/* End PBXContainerItemProxy section */

/* Begin PBXFileReference section */
		5E351F1B2B5DE398004A3803 /* StatisticsView.swift */ = {isa = PBXFileReference; lastKnownFileType = sourcecode.swift; path = StatisticsView.swift; sourceTree = "<group>"; };
		5E351F1E2B5DFD7B004A3803 /* MealCard.swift */ = {isa = PBXFileReference; lastKnownFileType = sourcecode.swift; path = MealCard.swift; sourceTree = "<group>"; };
		5E351F212B5F4DDA004A3803 /* FoodView.swift */ = {isa = PBXFileReference; lastKnownFileType = sourcecode.swift; path = FoodView.swift; sourceTree = "<group>"; };
		5E351F232B5F4DE2004A3803 /* BloodSugarView.swift */ = {isa = PBXFileReference; lastKnownFileType = sourcecode.swift; path = BloodSugarView.swift; sourceTree = "<group>"; };
		5E351F252B5F4DEB004A3803 /* InsulinView.swift */ = {isa = PBXFileReference; lastKnownFileType = sourcecode.swift; path = InsulinView.swift; sourceTree = "<group>"; };
		5E351F272B5F4DF3004A3803 /* CombinedView.swift */ = {isa = PBXFileReference; lastKnownFileType = sourcecode.swift; path = CombinedView.swift; sourceTree = "<group>"; };
		5E7756002B882032007F68CB /* CustomTabBarItem.swift */ = {isa = PBXFileReference; lastKnownFileType = sourcecode.swift; path = CustomTabBarItem.swift; sourceTree = "<group>"; };
		5E7756032B882548007F68CB /* AddNoteViewModel.swift */ = {isa = PBXFileReference; lastKnownFileType = sourcecode.swift; path = AddNoteViewModel.swift; sourceTree = "<group>"; };
		5E77560B2B88F6A1007F68CB /* CardType.swift */ = {isa = PBXFileReference; lastKnownFileType = sourcecode.swift; path = CardType.swift; sourceTree = "<group>"; };
		5E951DE22B8FCBBE00CF5016 /* WarningScreen.swift */ = {isa = PBXFileReference; lastKnownFileType = sourcecode.swift; path = WarningScreen.swift; sourceTree = "<group>"; };
		5E951DE42B952D1800CF5016 /* TeamScreen.swift */ = {isa = PBXFileReference; lastKnownFileType = sourcecode.swift; path = TeamScreen.swift; sourceTree = "<group>"; };
		5EC07B442B8810F400C47EC5 /* MealCardViewModel.swift */ = {isa = PBXFileReference; lastKnownFileType = sourcecode.swift; path = MealCardViewModel.swift; sourceTree = "<group>"; };
		5EC07B472B881E4600C47EC5 /* CustomTabBarViewModel.swift */ = {isa = PBXFileReference; lastKnownFileType = sourcecode.swift; path = CustomTabBarViewModel.swift; sourceTree = "<group>"; };
		5ECCBE572B46E6470042CC5F /* KsyCare.app */ = {isa = PBXFileReference; explicitFileType = wrapper.application; includeInIndex = 0; path = KsyCare.app; sourceTree = BUILT_PRODUCTS_DIR; };
		5ECCBE5A2B46E6470042CC5F /* KsyCareApp.swift */ = {isa = PBXFileReference; lastKnownFileType = sourcecode.swift; path = KsyCareApp.swift; sourceTree = "<group>"; };
		5ECCBE5C2B46E6470042CC5F /* ScreensaverView.swift */ = {isa = PBXFileReference; lastKnownFileType = sourcecode.swift; path = ScreensaverView.swift; sourceTree = "<group>"; };
		5ECCBE5E2B46E6480042CC5F /* Assets.xcassets */ = {isa = PBXFileReference; lastKnownFileType = folder.assetcatalog; path = Assets.xcassets; sourceTree = "<group>"; };
		5ECCBE612B46E6480042CC5F /* Preview Assets.xcassets */ = {isa = PBXFileReference; lastKnownFileType = folder.assetcatalog; path = "Preview Assets.xcassets"; sourceTree = "<group>"; };
		5ECCBE672B46E6480042CC5F /* KsyCareTests.xctest */ = {isa = PBXFileReference; explicitFileType = wrapper.cfbundle; includeInIndex = 0; path = KsyCareTests.xctest; sourceTree = BUILT_PRODUCTS_DIR; };
		5ECCBE6B2B46E6480042CC5F /* KsyCareTests.swift */ = {isa = PBXFileReference; lastKnownFileType = sourcecode.swift; path = KsyCareTests.swift; sourceTree = "<group>"; };
		5ECCBE712B46E6480042CC5F /* KsyCareUITests.xctest */ = {isa = PBXFileReference; explicitFileType = wrapper.cfbundle; includeInIndex = 0; path = KsyCareUITests.xctest; sourceTree = BUILT_PRODUCTS_DIR; };
		5ECCBE752B46E6480042CC5F /* KsyCareUITests.swift */ = {isa = PBXFileReference; lastKnownFileType = sourcecode.swift; path = KsyCareUITests.swift; sourceTree = "<group>"; };
		5ECCBE772B46E6480042CC5F /* KsyCareUITestsLaunchTests.swift */ = {isa = PBXFileReference; lastKnownFileType = sourcecode.swift; path = KsyCareUITestsLaunchTests.swift; sourceTree = "<group>"; };
		5ECCBE842B46F70F0042CC5F /* RegistrationView.swift */ = {isa = PBXFileReference; lastKnownFileType = sourcecode.swift; path = RegistrationView.swift; sourceTree = "<group>"; };
		5ECCBE862B46F7500042CC5F /* LoginView.swift */ = {isa = PBXFileReference; lastKnownFileType = sourcecode.swift; path = LoginView.swift; sourceTree = "<group>"; };
		5ECCBE882B46FB8B0042CC5F /* CustomTabBarView.swift */ = {isa = PBXFileReference; lastKnownFileType = sourcecode.swift; path = CustomTabBarView.swift; sourceTree = "<group>"; };
		5ECCBE8A2B4732FE0042CC5F /* ProfileView.swift */ = {isa = PBXFileReference; lastKnownFileType = sourcecode.swift; path = ProfileView.swift; sourceTree = "<group>"; };
		5ECCBE8E2B4733560042CC5F /* HomeView.swift */ = {isa = PBXFileReference; lastKnownFileType = sourcecode.swift; path = HomeView.swift; sourceTree = "<group>"; };
		5ECCBE902B4735080042CC5F /* AddNoteView.swift */ = {isa = PBXFileReference; lastKnownFileType = sourcecode.swift; path = AddNoteView.swift; sourceTree = "<group>"; };
		5ECCBE922B4735450042CC5F /* HealthView.swift */ = {isa = PBXFileReference; lastKnownFileType = sourcecode.swift; path = HealthView.swift; sourceTree = "<group>"; };
		5EDB7EEC2B802C5D000F234D /* NoteView.swift */ = {isa = PBXFileReference; lastKnownFileType = sourcecode.swift; path = NoteView.swift; sourceTree = "<group>"; };
		5EDB7EF52B814587000F234D /* Color.xcassets */ = {isa = PBXFileReference; lastKnownFileType = folder.assetcatalog; path = Color.xcassets; sourceTree = "<group>"; };
		5EDB7EFA2B8549E7000F234D /* MealCardModel.swift */ = {isa = PBXFileReference; lastKnownFileType = sourcecode.swift; path = MealCardModel.swift; sourceTree = "<group>"; };
/* End PBXFileReference section */

/* Begin PBXFrameworksBuildPhase section */
		5ECCBE542B46E6470042CC5F /* Frameworks */ = {
			isa = PBXFrameworksBuildPhase;
			buildActionMask = 2147483647;
			files = (
			);
			runOnlyForDeploymentPostprocessing = 0;
		};
		5ECCBE642B46E6480042CC5F /* Frameworks */ = {
			isa = PBXFrameworksBuildPhase;
			buildActionMask = 2147483647;
			files = (
			);
			runOnlyForDeploymentPostprocessing = 0;
		};
		5ECCBE6E2B46E6480042CC5F /* Frameworks */ = {
			isa = PBXFrameworksBuildPhase;
			buildActionMask = 2147483647;
			files = (
			);
			runOnlyForDeploymentPostprocessing = 0;
		};
/* End PBXFrameworksBuildPhase section */

/* Begin PBXGroup section */
		5E351F172B476BAB004A3803 /* Screens */ = {
			isa = PBXGroup;
			children = (
				5E351F202B5F4DB5004A3803 /* NoteScreen */,
				5ECCBE8E2B4733560042CC5F /* HomeView.swift */,
				5ECCBE922B4735450042CC5F /* HealthView.swift */,
				5ECCBE8A2B4732FE0042CC5F /* ProfileView.swift */,
				5E351F1B2B5DE398004A3803 /* StatisticsView.swift */,
				5EDB7EF92B854942000F234D /* MealCard */,
			);
			path = Screens;
			sourceTree = "<group>";
		};
		5E351F202B5F4DB5004A3803 /* NoteScreen */ = {
			isa = PBXGroup;
			children = (
				5E7756022B882533007F68CB /* AddNote */,
				5EDB7EEC2B802C5D000F234D /* NoteView.swift */,
				5E351F232B5F4DE2004A3803 /* BloodSugarView.swift */,
				5E351F272B5F4DF3004A3803 /* CombinedView.swift */,
				5E351F212B5F4DDA004A3803 /* FoodView.swift */,
				5E351F252B5F4DEB004A3803 /* InsulinView.swift */,
			);
			path = NoteScreen;
			sourceTree = "<group>";
		};
		5E7756022B882533007F68CB /* AddNote */ = {
			isa = PBXGroup;
			children = (
				5ECCBE902B4735080042CC5F /* AddNoteView.swift */,
				5E7756032B882548007F68CB /* AddNoteViewModel.swift */,
				5E77560B2B88F6A1007F68CB /* CardType.swift */,
			);
			path = AddNote;
			sourceTree = "<group>";
		};
		5EC07B462B881E3800C47EC5 /* CustomTabBar */ = {
			isa = PBXGroup;
			children = (
				5ECCBE882B46FB8B0042CC5F /* CustomTabBarView.swift */,
				5EC07B472B881E4600C47EC5 /* CustomTabBarViewModel.swift */,
				5E7756002B882032007F68CB /* CustomTabBarItem.swift */,
			);
			path = CustomTabBar;
			sourceTree = "<group>";
		};
		5ECCBE4E2B46E6470042CC5F = {
			isa = PBXGroup;
			children = (
				5ECCBE592B46E6470042CC5F /* KsyCare */,
				5ECCBE6A2B46E6480042CC5F /* KsyCareTests */,
				5ECCBE742B46E6480042CC5F /* KsyCareUITests */,
				5ECCBE582B46E6470042CC5F /* Products */,
			);
			sourceTree = "<group>";
		};
		5ECCBE582B46E6470042CC5F /* Products */ = {
			isa = PBXGroup;
			children = (
				5ECCBE572B46E6470042CC5F /* KsyCare.app */,
				5ECCBE672B46E6480042CC5F /* KsyCareTests.xctest */,
				5ECCBE712B46E6480042CC5F /* KsyCareUITests.xctest */,
			);
			name = Products;
			sourceTree = "<group>";
		};
		5ECCBE592B46E6470042CC5F /* KsyCare */ = {
			isa = PBXGroup;
			children = (
				5ECCBE5A2B46E6470042CC5F /* KsyCareApp.swift */,
				5ECCBE5C2B46E6470042CC5F /* ScreensaverView.swift */,
				5ECCBE842B46F70F0042CC5F /* RegistrationView.swift */,
				5ECCBE862B46F7500042CC5F /* LoginView.swift */,
				5E951DE22B8FCBBE00CF5016 /* WarningScreen.swift */,
				5E951DE42B952D1800CF5016 /* TeamScreen.swift */,
				5EC07B462B881E3800C47EC5 /* CustomTabBar */,
				5E351F172B476BAB004A3803 /* Screens */,
				5ECCBE5E2B46E6480042CC5F /* Assets.xcassets */,
				5EDB7EF52B814587000F234D /* Color.xcassets */,
				5ECCBE602B46E6480042CC5F /* Preview Content */,
			);
			path = KsyCare;
			sourceTree = "<group>";
		};
		5ECCBE602B46E6480042CC5F /* Preview Content */ = {
			isa = PBXGroup;
			children = (
				5ECCBE612B46E6480042CC5F /* Preview Assets.xcassets */,
			);
			path = "Preview Content";
			sourceTree = "<group>";
		};
		5ECCBE6A2B46E6480042CC5F /* KsyCareTests */ = {
			isa = PBXGroup;
			children = (
				5ECCBE6B2B46E6480042CC5F /* KsyCareTests.swift */,
			);
			path = KsyCareTests;
			sourceTree = "<group>";
		};
		5ECCBE742B46E6480042CC5F /* KsyCareUITests */ = {
			isa = PBXGroup;
			children = (
				5ECCBE752B46E6480042CC5F /* KsyCareUITests.swift */,
				5ECCBE772B46E6480042CC5F /* KsyCareUITestsLaunchTests.swift */,
			);
			path = KsyCareUITests;
			sourceTree = "<group>";
		};
		5EDB7EF92B854942000F234D /* MealCard */ = {
			isa = PBXGroup;
			children = (
				5E351F1E2B5DFD7B004A3803 /* MealCard.swift */,
				5EDB7EFA2B8549E7000F234D /* MealCardModel.swift */,
				5EC07B442B8810F400C47EC5 /* MealCardViewModel.swift */,
			);
			path = MealCard;
			sourceTree = "<group>";
		};
/* End PBXGroup section */

/* Begin PBXNativeTarget section */
		5ECCBE562B46E6470042CC5F /* KsyCare */ = {
			isa = PBXNativeTarget;
			buildConfigurationList = 5ECCBE7B2B46E6480042CC5F /* Build configuration list for PBXNativeTarget "KsyCare" */;
			buildPhases = (
				5ECCBE532B46E6470042CC5F /* Sources */,
				5ECCBE542B46E6470042CC5F /* Frameworks */,
				5ECCBE552B46E6470042CC5F /* Resources */,
			);
			buildRules = (
			);
			dependencies = (
			);
			name = KsyCare;
			productName = KsyCare;
			productReference = 5ECCBE572B46E6470042CC5F /* KsyCare.app */;
			productType = "com.apple.product-type.application";
		};
		5ECCBE662B46E6480042CC5F /* KsyCareTests */ = {
			isa = PBXNativeTarget;
			buildConfigurationList = 5ECCBE7E2B46E6480042CC5F /* Build configuration list for PBXNativeTarget "KsyCareTests" */;
			buildPhases = (
				5ECCBE632B46E6480042CC5F /* Sources */,
				5ECCBE642B46E6480042CC5F /* Frameworks */,
				5ECCBE652B46E6480042CC5F /* Resources */,
			);
			buildRules = (
			);
			dependencies = (
				5ECCBE692B46E6480042CC5F /* PBXTargetDependency */,
			);
			name = KsyCareTests;
			productName = KsyCareTests;
			productReference = 5ECCBE672B46E6480042CC5F /* KsyCareTests.xctest */;
			productType = "com.apple.product-type.bundle.unit-test";
		};
		5ECCBE702B46E6480042CC5F /* KsyCareUITests */ = {
			isa = PBXNativeTarget;
			buildConfigurationList = 5ECCBE812B46E6480042CC5F /* Build configuration list for PBXNativeTarget "KsyCareUITests" */;
			buildPhases = (
				5ECCBE6D2B46E6480042CC5F /* Sources */,
				5ECCBE6E2B46E6480042CC5F /* Frameworks */,
				5ECCBE6F2B46E6480042CC5F /* Resources */,
			);
			buildRules = (
			);
			dependencies = (
				5ECCBE732B46E6480042CC5F /* PBXTargetDependency */,
			);
			name = KsyCareUITests;
			productName = KsyCareUITests;
			productReference = 5ECCBE712B46E6480042CC5F /* KsyCareUITests.xctest */;
			productType = "com.apple.product-type.bundle.ui-testing";
		};
/* End PBXNativeTarget section */

/* Begin PBXProject section */
		5ECCBE4F2B46E6470042CC5F /* Project object */ = {
			isa = PBXProject;
			attributes = {
				BuildIndependentTargetsInParallel = 1;
				LastSwiftUpdateCheck = 1430;
				LastUpgradeCheck = 1430;
				TargetAttributes = {
					5ECCBE562B46E6470042CC5F = {
						CreatedOnToolsVersion = 14.3.1;
					};
					5ECCBE662B46E6480042CC5F = {
						CreatedOnToolsVersion = 14.3.1;
						TestTargetID = 5ECCBE562B46E6470042CC5F;
					};
					5ECCBE702B46E6480042CC5F = {
						CreatedOnToolsVersion = 14.3.1;
						TestTargetID = 5ECCBE562B46E6470042CC5F;
					};
				};
			};
			buildConfigurationList = 5ECCBE522B46E6470042CC5F /* Build configuration list for PBXProject "KsyCare" */;
			compatibilityVersion = "Xcode 14.0";
			developmentRegion = en;
			hasScannedForEncodings = 0;
			knownRegions = (
				en,
				Base,
			);
			mainGroup = 5ECCBE4E2B46E6470042CC5F;
			productRefGroup = 5ECCBE582B46E6470042CC5F /* Products */;
			projectDirPath = "";
			projectRoot = "";
			targets = (
				5ECCBE562B46E6470042CC5F /* KsyCare */,
				5ECCBE662B46E6480042CC5F /* KsyCareTests */,
				5ECCBE702B46E6480042CC5F /* KsyCareUITests */,
			);
		};
/* End PBXProject section */

/* Begin PBXResourcesBuildPhase section */
		5ECCBE552B46E6470042CC5F /* Resources */ = {
			isa = PBXResourcesBuildPhase;
			buildActionMask = 2147483647;
			files = (
				5ECCBE622B46E6480042CC5F /* Preview Assets.xcassets in Resources */,
				5ECCBE5F2B46E6480042CC5F /* Assets.xcassets in Resources */,
				5EDB7EF62B814587000F234D /* Color.xcassets in Resources */,
			);
			runOnlyForDeploymentPostprocessing = 0;
		};
		5ECCBE652B46E6480042CC5F /* Resources */ = {
			isa = PBXResourcesBuildPhase;
			buildActionMask = 2147483647;
			files = (
			);
			runOnlyForDeploymentPostprocessing = 0;
		};
		5ECCBE6F2B46E6480042CC5F /* Resources */ = {
			isa = PBXResourcesBuildPhase;
			buildActionMask = 2147483647;
			files = (
			);
			runOnlyForDeploymentPostprocessing = 0;
		};
/* End PBXResourcesBuildPhase section */

/* Begin PBXSourcesBuildPhase section */
		5ECCBE532B46E6470042CC5F /* Sources */ = {
			isa = PBXSourcesBuildPhase;
			buildActionMask = 2147483647;
			files = (
				5E7756042B882548007F68CB /* AddNoteViewModel.swift in Sources */,
				5EC07B482B881E4600C47EC5 /* CustomTabBarViewModel.swift in Sources */,
				5E351F222B5F4DDA004A3803 /* FoodView.swift in Sources */,
				5EC07B452B8810F400C47EC5 /* MealCardViewModel.swift in Sources */,
				5ECCBE852B46F70F0042CC5F /* RegistrationView.swift in Sources */,
				5E351F1F2B5DFD7B004A3803 /* MealCard.swift in Sources */,
				5ECCBE892B46FB8B0042CC5F /* CustomTabBarView.swift in Sources */,
				5ECCBE5D2B46E6470042CC5F /* ScreensaverView.swift in Sources */,
				5E351F282B5F4DF3004A3803 /* CombinedView.swift in Sources */,
				5E351F242B5F4DE2004A3803 /* BloodSugarView.swift in Sources */,
				5E951DE52B952D1800CF5016 /* TeamScreen.swift in Sources */,
				5ECCBE872B46F7500042CC5F /* LoginView.swift in Sources */,
				5ECCBE8F2B4733560042CC5F /* HomeView.swift in Sources */,
				5ECCBE912B4735080042CC5F /* AddNoteView.swift in Sources */,
				5EDB7EED2B802C5D000F234D /* NoteView.swift in Sources */,
				5ECCBE8B2B4732FE0042CC5F /* ProfileView.swift in Sources */,
				5ECCBE932B4735460042CC5F /* HealthView.swift in Sources */,
				5E951DE32B8FCBBE00CF5016 /* WarningScreen.swift in Sources */,
				5E7756012B882032007F68CB /* CustomTabBarItem.swift in Sources */,
				5EDB7EFB2B8549E7000F234D /* MealCardModel.swift in Sources */,
				5E351F262B5F4DEB004A3803 /* InsulinView.swift in Sources */,
				5E351F1C2B5DE398004A3803 /* StatisticsView.swift in Sources */,
				5ECCBE5B2B46E6470042CC5F /* KsyCareApp.swift in Sources */,
				5E77560C2B88F6A1007F68CB /* CardType.swift in Sources */,
			);
			runOnlyForDeploymentPostprocessing = 0;
		};
		5ECCBE632B46E6480042CC5F /* Sources */ = {
			isa = PBXSourcesBuildPhase;
			buildActionMask = 2147483647;
			files = (
				5ECCBE6C2B46E6480042CC5F /* KsyCareTests.swift in Sources */,
			);
			runOnlyForDeploymentPostprocessing = 0;
		};
		5ECCBE6D2B46E6480042CC5F /* Sources */ = {
			isa = PBXSourcesBuildPhase;
			buildActionMask = 2147483647;
			files = (
				5ECCBE762B46E6480042CC5F /* KsyCareUITests.swift in Sources */,
				5ECCBE782B46E6480042CC5F /* KsyCareUITestsLaunchTests.swift in Sources */,
			);
			runOnlyForDeploymentPostprocessing = 0;
		};
/* End PBXSourcesBuildPhase section */

/* Begin PBXTargetDependency section */
		5ECCBE692B46E6480042CC5F /* PBXTargetDependency */ = {
			isa = PBXTargetDependency;
			target = 5ECCBE562B46E6470042CC5F /* KsyCare */;
			targetProxy = 5ECCBE682B46E6480042CC5F /* PBXContainerItemProxy */;
		};
		5ECCBE732B46E6480042CC5F /* PBXTargetDependency */ = {
			isa = PBXTargetDependency;
			target = 5ECCBE562B46E6470042CC5F /* KsyCare */;
			targetProxy = 5ECCBE722B46E6480042CC5F /* PBXContainerItemProxy */;
		};
/* End PBXTargetDependency section */

/* Begin XCBuildConfiguration section */
		5ECCBE792B46E6480042CC5F /* Debug */ = {
			isa = XCBuildConfiguration;
			buildSettings = {
				ALWAYS_SEARCH_USER_PATHS = NO;
				CLANG_ANALYZER_NONNULL = YES;
				CLANG_ANALYZER_NUMBER_OBJECT_CONVERSION = YES_AGGRESSIVE;
				CLANG_CXX_LANGUAGE_STANDARD = "gnu++20";
				CLANG_ENABLE_MODULES = YES;
				CLANG_ENABLE_OBJC_ARC = YES;
				CLANG_ENABLE_OBJC_WEAK = YES;
				CLANG_WARN_BLOCK_CAPTURE_AUTORELEASING = YES;
				CLANG_WARN_BOOL_CONVERSION = YES;
				CLANG_WARN_COMMA = YES;
				CLANG_WARN_CONSTANT_CONVERSION = YES;
				CLANG_WARN_DEPRECATED_OBJC_IMPLEMENTATIONS = YES;
				CLANG_WARN_DIRECT_OBJC_ISA_USAGE = YES_ERROR;
				CLANG_WARN_DOCUMENTATION_COMMENTS = YES;
				CLANG_WARN_EMPTY_BODY = YES;
				CLANG_WARN_ENUM_CONVERSION = YES;
				CLANG_WARN_INFINITE_RECURSION = YES;
				CLANG_WARN_INT_CONVERSION = YES;
				CLANG_WARN_NON_LITERAL_NULL_CONVERSION = YES;
				CLANG_WARN_OBJC_IMPLICIT_RETAIN_SELF = YES;
				CLANG_WARN_OBJC_LITERAL_CONVERSION = YES;
				CLANG_WARN_OBJC_ROOT_CLASS = YES_ERROR;
				CLANG_WARN_QUOTED_INCLUDE_IN_FRAMEWORK_HEADER = YES;
				CLANG_WARN_RANGE_LOOP_ANALYSIS = YES;
				CLANG_WARN_STRICT_PROTOTYPES = YES;
				CLANG_WARN_SUSPICIOUS_MOVE = YES;
				CLANG_WARN_UNGUARDED_AVAILABILITY = YES_AGGRESSIVE;
				CLANG_WARN_UNREACHABLE_CODE = YES;
				CLANG_WARN__DUPLICATE_METHOD_MATCH = YES;
				COPY_PHASE_STRIP = NO;
				DEBUG_INFORMATION_FORMAT = dwarf;
				ENABLE_STRICT_OBJC_MSGSEND = YES;
				ENABLE_TESTABILITY = YES;
				GCC_C_LANGUAGE_STANDARD = gnu11;
				GCC_DYNAMIC_NO_PIC = NO;
				GCC_NO_COMMON_BLOCKS = YES;
				GCC_OPTIMIZATION_LEVEL = 0;
				GCC_PREPROCESSOR_DEFINITIONS = (
					"DEBUG=1",
					"$(inherited)",
				);
				GCC_WARN_64_TO_32_BIT_CONVERSION = YES;
				GCC_WARN_ABOUT_RETURN_TYPE = YES_ERROR;
				GCC_WARN_UNDECLARED_SELECTOR = YES;
				GCC_WARN_UNINITIALIZED_AUTOS = YES_AGGRESSIVE;
				GCC_WARN_UNUSED_FUNCTION = YES;
				GCC_WARN_UNUSED_VARIABLE = YES;
				IPHONEOS_DEPLOYMENT_TARGET = 16.4;
				MTL_ENABLE_DEBUG_INFO = INCLUDE_SOURCE;
				MTL_FAST_MATH = YES;
				ONLY_ACTIVE_ARCH = YES;
				SDKROOT = iphoneos;
				SWIFT_ACTIVE_COMPILATION_CONDITIONS = DEBUG;
				SWIFT_OPTIMIZATION_LEVEL = "-Onone";
			};
			name = Debug;
		};
		5ECCBE7A2B46E6480042CC5F /* Release */ = {
			isa = XCBuildConfiguration;
			buildSettings = {
				ALWAYS_SEARCH_USER_PATHS = NO;
				CLANG_ANALYZER_NONNULL = YES;
				CLANG_ANALYZER_NUMBER_OBJECT_CONVERSION = YES_AGGRESSIVE;
				CLANG_CXX_LANGUAGE_STANDARD = "gnu++20";
				CLANG_ENABLE_MODULES = YES;
				CLANG_ENABLE_OBJC_ARC = YES;
				CLANG_ENABLE_OBJC_WEAK = YES;
				CLANG_WARN_BLOCK_CAPTURE_AUTORELEASING = YES;
				CLANG_WARN_BOOL_CONVERSION = YES;
				CLANG_WARN_COMMA = YES;
				CLANG_WARN_CONSTANT_CONVERSION = YES;
				CLANG_WARN_DEPRECATED_OBJC_IMPLEMENTATIONS = YES;
				CLANG_WARN_DIRECT_OBJC_ISA_USAGE = YES_ERROR;
				CLANG_WARN_DOCUMENTATION_COMMENTS = YES;
				CLANG_WARN_EMPTY_BODY = YES;
				CLANG_WARN_ENUM_CONVERSION = YES;
				CLANG_WARN_INFINITE_RECURSION = YES;
				CLANG_WARN_INT_CONVERSION = YES;
				CLANG_WARN_NON_LITERAL_NULL_CONVERSION = YES;
				CLANG_WARN_OBJC_IMPLICIT_RETAIN_SELF = YES;
				CLANG_WARN_OBJC_LITERAL_CONVERSION = YES;
				CLANG_WARN_OBJC_ROOT_CLASS = YES_ERROR;
				CLANG_WARN_QUOTED_INCLUDE_IN_FRAMEWORK_HEADER = YES;
				CLANG_WARN_RANGE_LOOP_ANALYSIS = YES;
				CLANG_WARN_STRICT_PROTOTYPES = YES;
				CLANG_WARN_SUSPICIOUS_MOVE = YES;
				CLANG_WARN_UNGUARDED_AVAILABILITY = YES_AGGRESSIVE;
				CLANG_WARN_UNREACHABLE_CODE = YES;
				CLANG_WARN__DUPLICATE_METHOD_MATCH = YES;
				COPY_PHASE_STRIP = NO;
				DEBUG_INFORMATION_FORMAT = "dwarf-with-dsym";
				ENABLE_NS_ASSERTIONS = NO;
				ENABLE_STRICT_OBJC_MSGSEND = YES;
				GCC_C_LANGUAGE_STANDARD = gnu11;
				GCC_NO_COMMON_BLOCKS = YES;
				GCC_WARN_64_TO_32_BIT_CONVERSION = YES;
				GCC_WARN_ABOUT_RETURN_TYPE = YES_ERROR;
				GCC_WARN_UNDECLARED_SELECTOR = YES;
				GCC_WARN_UNINITIALIZED_AUTOS = YES_AGGRESSIVE;
				GCC_WARN_UNUSED_FUNCTION = YES;
				GCC_WARN_UNUSED_VARIABLE = YES;
				IPHONEOS_DEPLOYMENT_TARGET = 16.4;
				MTL_ENABLE_DEBUG_INFO = NO;
				MTL_FAST_MATH = YES;
				SDKROOT = iphoneos;
				SWIFT_COMPILATION_MODE = wholemodule;
				SWIFT_OPTIMIZATION_LEVEL = "-O";
				VALIDATE_PRODUCT = YES;
			};
			name = Release;
		};
		5ECCBE7C2B46E6480042CC5F /* Debug */ = {
			isa = XCBuildConfiguration;
			buildSettings = {
				ASSETCATALOG_COMPILER_APPICON_NAME = AppIcon;
				ASSETCATALOG_COMPILER_GLOBAL_ACCENT_COLOR_NAME = AccentColor;
				CODE_SIGN_STYLE = Automatic;
				CURRENT_PROJECT_VERSION = 1;
				DEVELOPMENT_ASSET_PATHS = "\"KsyCare/Preview Content\"";
				DEVELOPMENT_TEAM = YK49B357PZ;
				ENABLE_PREVIEWS = YES;
				GENERATE_INFOPLIST_FILE = YES;
				INFOPLIST_KEY_UIApplicationSceneManifest_Generation = YES;
				INFOPLIST_KEY_UIApplicationSupportsIndirectInputEvents = YES;
				INFOPLIST_KEY_UILaunchScreen_Generation = YES;
				INFOPLIST_KEY_UISupportedInterfaceOrientations_iPad = "UIInterfaceOrientationPortrait UIInterfaceOrientationPortraitUpsideDown UIInterfaceOrientationLandscapeLeft UIInterfaceOrientationLandscapeRight";
				INFOPLIST_KEY_UISupportedInterfaceOrientations_iPhone = "UIInterfaceOrientationPortrait UIInterfaceOrientationLandscapeLeft UIInterfaceOrientationLandscapeRight";
				IPHONEOS_DEPLOYMENT_TARGET = 16.2;
				LD_RUNPATH_SEARCH_PATHS = (
					"$(inherited)",
					"@executable_path/Frameworks",
				);
				MARKETING_VERSION = 1.0;
				PRODUCT_BUNDLE_IDENTIFIER = "-.KsyCare";
				PRODUCT_NAME = "$(TARGET_NAME)";
				SWIFT_EMIT_LOC_STRINGS = YES;
				SWIFT_VERSION = 5.0;
				TARGETED_DEVICE_FAMILY = "1,2";
			};
			name = Debug;
		};
		5ECCBE7D2B46E6480042CC5F /* Release */ = {
			isa = XCBuildConfiguration;
			buildSettings = {
				ASSETCATALOG_COMPILER_APPICON_NAME = AppIcon;
				ASSETCATALOG_COMPILER_GLOBAL_ACCENT_COLOR_NAME = AccentColor;
				CODE_SIGN_STYLE = Automatic;
				CURRENT_PROJECT_VERSION = 1;
				DEVELOPMENT_ASSET_PATHS = "\"KsyCare/Preview Content\"";
				DEVELOPMENT_TEAM = YK49B357PZ;
				ENABLE_PREVIEWS = YES;
				GENERATE_INFOPLIST_FILE = YES;
				INFOPLIST_KEY_UIApplicationSceneManifest_Generation = YES;
				INFOPLIST_KEY_UIApplicationSupportsIndirectInputEvents = YES;
				INFOPLIST_KEY_UILaunchScreen_Generation = YES;
				INFOPLIST_KEY_UISupportedInterfaceOrientations_iPad = "UIInterfaceOrientationPortrait UIInterfaceOrientationPortraitUpsideDown UIInterfaceOrientationLandscapeLeft UIInterfaceOrientationLandscapeRight";
				INFOPLIST_KEY_UISupportedInterfaceOrientations_iPhone = "UIInterfaceOrientationPortrait UIInterfaceOrientationLandscapeLeft UIInterfaceOrientationLandscapeRight";
				IPHONEOS_DEPLOYMENT_TARGET = 16.2;
				LD_RUNPATH_SEARCH_PATHS = (
					"$(inherited)",
					"@executable_path/Frameworks",
				);
				MARKETING_VERSION = 1.0;
				PRODUCT_BUNDLE_IDENTIFIER = "-.KsyCare";
				PRODUCT_NAME = "$(TARGET_NAME)";
				SWIFT_EMIT_LOC_STRINGS = YES;
				SWIFT_VERSION = 5.0;
				TARGETED_DEVICE_FAMILY = "1,2";
			};
			name = Release;
		};
		5ECCBE7F2B46E6480042CC5F /* Debug */ = {
			isa = XCBuildConfiguration;
			buildSettings = {
				ALWAYS_EMBED_SWIFT_STANDARD_LIBRARIES = YES;
				BUNDLE_LOADER = "$(TEST_HOST)";
				CODE_SIGN_STYLE = Automatic;
				CURRENT_PROJECT_VERSION = 1;
				DEVELOPMENT_TEAM = YK49B357PZ;
				GENERATE_INFOPLIST_FILE = YES;
				IPHONEOS_DEPLOYMENT_TARGET = 16.4;
				MARKETING_VERSION = 1.0;
				PRODUCT_BUNDLE_IDENTIFIER = "-.KsyCareTests";
				PRODUCT_NAME = "$(TARGET_NAME)";
				SWIFT_EMIT_LOC_STRINGS = NO;
				SWIFT_VERSION = 5.0;
				TARGETED_DEVICE_FAMILY = "1,2";
				TEST_HOST = "$(BUILT_PRODUCTS_DIR)/KsyCare.app/$(BUNDLE_EXECUTABLE_FOLDER_PATH)/KsyCare";
			};
			name = Debug;
		};
		5ECCBE802B46E6480042CC5F /* Release */ = {
			isa = XCBuildConfiguration;
			buildSettings = {
				ALWAYS_EMBED_SWIFT_STANDARD_LIBRARIES = YES;
				BUNDLE_LOADER = "$(TEST_HOST)";
				CODE_SIGN_STYLE = Automatic;
				CURRENT_PROJECT_VERSION = 1;
				DEVELOPMENT_TEAM = YK49B357PZ;
				GENERATE_INFOPLIST_FILE = YES;
				IPHONEOS_DEPLOYMENT_TARGET = 16.4;
				MARKETING_VERSION = 1.0;
				PRODUCT_BUNDLE_IDENTIFIER = "-.KsyCareTests";
				PRODUCT_NAME = "$(TARGET_NAME)";
				SWIFT_EMIT_LOC_STRINGS = NO;
				SWIFT_VERSION = 5.0;
				TARGETED_DEVICE_FAMILY = "1,2";
				TEST_HOST = "$(BUILT_PRODUCTS_DIR)/KsyCare.app/$(BUNDLE_EXECUTABLE_FOLDER_PATH)/KsyCare";
			};
			name = Release;
		};
		5ECCBE822B46E6480042CC5F /* Debug */ = {
			isa = XCBuildConfiguration;
			buildSettings = {
				ALWAYS_EMBED_SWIFT_STANDARD_LIBRARIES = YES;
				CODE_SIGN_STYLE = Automatic;
				CURRENT_PROJECT_VERSION = 1;
				DEVELOPMENT_TEAM = YK49B357PZ;
				GENERATE_INFOPLIST_FILE = YES;
				MARKETING_VERSION = 1.0;
				PRODUCT_BUNDLE_IDENTIFIER = "-.KsyCareUITests";
				PRODUCT_NAME = "$(TARGET_NAME)";
				SWIFT_EMIT_LOC_STRINGS = NO;
				SWIFT_VERSION = 5.0;
				TARGETED_DEVICE_FAMILY = "1,2";
				TEST_TARGET_NAME = KsyCare;
			};
			name = Debug;
		};
		5ECCBE832B46E6480042CC5F /* Release */ = {
			isa = XCBuildConfiguration;
			buildSettings = {
				ALWAYS_EMBED_SWIFT_STANDARD_LIBRARIES = YES;
				CODE_SIGN_STYLE = Automatic;
				CURRENT_PROJECT_VERSION = 1;
				DEVELOPMENT_TEAM = YK49B357PZ;
				GENERATE_INFOPLIST_FILE = YES;
				MARKETING_VERSION = 1.0;
				PRODUCT_BUNDLE_IDENTIFIER = "-.KsyCareUITests";
				PRODUCT_NAME = "$(TARGET_NAME)";
				SWIFT_EMIT_LOC_STRINGS = NO;
				SWIFT_VERSION = 5.0;
				TARGETED_DEVICE_FAMILY = "1,2";
				TEST_TARGET_NAME = KsyCare;
			};
			name = Release;
		};
/* End XCBuildConfiguration section */

/* Begin XCConfigurationList section */
		5ECCBE522B46E6470042CC5F /* Build configuration list for PBXProject "KsyCare" */ = {
			isa = XCConfigurationList;
			buildConfigurations = (
				5ECCBE792B46E6480042CC5F /* Debug */,
				5ECCBE7A2B46E6480042CC5F /* Release */,
			);
			defaultConfigurationIsVisible = 0;
			defaultConfigurationName = Release;
		};
		5ECCBE7B2B46E6480042CC5F /* Build configuration list for PBXNativeTarget "KsyCare" */ = {
			isa = XCConfigurationList;
			buildConfigurations = (
				5ECCBE7C2B46E6480042CC5F /* Debug */,
				5ECCBE7D2B46E6480042CC5F /* Release */,
			);
			defaultConfigurationIsVisible = 0;
			defaultConfigurationName = Release;
		};
		5ECCBE7E2B46E6480042CC5F /* Build configuration list for PBXNativeTarget "KsyCareTests" */ = {
			isa = XCConfigurationList;
			buildConfigurations = (
				5ECCBE7F2B46E6480042CC5F /* Debug */,
				5ECCBE802B46E6480042CC5F /* Release */,
			);
			defaultConfigurationIsVisible = 0;
			defaultConfigurationName = Release;
		};
		5ECCBE812B46E6480042CC5F /* Build configuration list for PBXNativeTarget "KsyCareUITests" */ = {
			isa = XCConfigurationList;
			buildConfigurations = (
				5ECCBE822B46E6480042CC5F /* Debug */,
				5ECCBE832B46E6480042CC5F /* Release */,
			);
			defaultConfigurationIsVisible = 0;
			defaultConfigurationName = Release;
		};
/* End XCConfigurationList section */
	};
	rootObject = 5ECCBE4F2B46E6470042CC5F /* Project object */;
}
